// !$*UTF8*$!
{
	archiveVersion = 1;
	classes = {
	};
	objectVersion = 56;
	objects = {

/* Begin PBXBuildFile section */
		4118B8432981B329001F1B1A /* SessionCard.swift in Sources */ = {isa = PBXBuildFile; fileRef = 4118B8422981B329001F1B1A /* SessionCard.swift */; };
		41440334298E58AC0006D60C /* AppConfig.swift in Sources */ = {isa = PBXBuildFile; fileRef = 41440333298E58AC0006D60C /* AppConfig.swift */; };
		414403382990DBFE0006D60C /* InteractiveChart.swift in Sources */ = {isa = PBXBuildFile; fileRef = 414403372990DBFE0006D60C /* InteractiveChart.swift */; };
		416275D329923FE2008D823A /* README.md in Resources */ = {isa = PBXBuildFile; fileRef = 416275CB29923FE2008D823A /* README.md */; };
		417606B72987F86F00DA5EE5 /* ListenButton.swift in Sources */ = {isa = PBXBuildFile; fileRef = 417606B62987F86F00DA5EE5 /* ListenButton.swift */; };
		417606B929890C3A00DA5EE5 /* SettingsView.swift in Sources */ = {isa = PBXBuildFile; fileRef = 417606B829890C3A00DA5EE5 /* SettingsView.swift */; };
		417606BB298BA44200DA5EE5 /* BreatheView.swift in Sources */ = {isa = PBXBuildFile; fileRef = 417606BA298BA44200DA5EE5 /* BreatheView.swift */; };
		41CB74D229841AC700BDA15D /* BreathingRateChart.swift in Sources */ = {isa = PBXBuildFile; fileRef = 41CB74D129841AC700BDA15D /* BreathingRateChart.swift */; };
		41CB74D42985771700BDA15D /* TabItemView.swift in Sources */ = {isa = PBXBuildFile; fileRef = 41CB74D32985771700BDA15D /* TabItemView.swift */; };
		41CD21A5299242FF009D65DB /* screen3.png in Resources */ = {isa = PBXBuildFile; fileRef = 41CD21A0299242FF009D65DB /* screen3.png */; };
		41CD21A6299242FF009D65DB /* screen2.png in Resources */ = {isa = PBXBuildFile; fileRef = 41CD21A1299242FF009D65DB /* screen2.png */; };
		41CD21A7299242FF009D65DB /* screen1.png in Resources */ = {isa = PBXBuildFile; fileRef = 41CD21A2299242FF009D65DB /* screen1.png */; };
		41CD21A8299242FF009D65DB /* screen4.png in Resources */ = {isa = PBXBuildFile; fileRef = 41CD21A3299242FF009D65DB /* screen4.png */; };
		41CD21AA29924434009D65DB /* Icon.png in Resources */ = {isa = PBXBuildFile; fileRef = 41CD21A929924434009D65DB /* Icon.png */; };
		41EDC23F2980552E00796BD2 /* BreathCounterApp.swift in Sources */ = {isa = PBXBuildFile; fileRef = 41EDC23E2980552E00796BD2 /* BreathCounterApp.swift */; };
		41EDC2412980552E00796BD2 /* ContentView.swift in Sources */ = {isa = PBXBuildFile; fileRef = 41EDC2402980552E00796BD2 /* ContentView.swift */; };
		41EDC2432980552F00796BD2 /* Assets.xcassets in Resources */ = {isa = PBXBuildFile; fileRef = 41EDC2422980552F00796BD2 /* Assets.xcassets */; };
		41EDC2462980552F00796BD2 /* Preview Assets.xcassets in Resources */ = {isa = PBXBuildFile; fileRef = 41EDC2452980552F00796BD2 /* Preview Assets.xcassets */; };
		41EDC253298055AF00796BD2 /* DataServiceProtocol.swift in Sources */ = {isa = PBXBuildFile; fileRef = 41EDC24F298055AF00796BD2 /* DataServiceProtocol.swift */; };
		41EDC254298055AF00796BD2 /* MockDataService.swift in Sources */ = {isa = PBXBuildFile; fileRef = 41EDC250298055AF00796BD2 /* MockDataService.swift */; };
		41EDC255298055AF00796BD2 /* YogaDataService.swift in Sources */ = {isa = PBXBuildFile; fileRef = 41EDC251298055AF00796BD2 /* YogaDataService.swift */; };
		41EDC25D298055BC00796BD2 /* AudioVisualizer.swift in Sources */ = {isa = PBXBuildFile; fileRef = 41EDC257298055BC00796BD2 /* AudioVisualizer.swift */; };
		41EDC25E298055BC00796BD2 /* SignalProcessing.swift in Sources */ = {isa = PBXBuildFile; fileRef = 41EDC258298055BC00796BD2 /* SignalProcessing.swift */; };
		41EDC25F298055BC00796BD2 /* Styles.swift in Sources */ = {isa = PBXBuildFile; fileRef = 41EDC259298055BC00796BD2 /* Styles.swift */; };
		41EDC260298055BC00796BD2 /* AudioStreamManager.swift in Sources */ = {isa = PBXBuildFile; fileRef = 41EDC25A298055BC00796BD2 /* AudioStreamManager.swift */; };
		41EDC261298055BC00796BD2 /* Extensions.swift in Sources */ = {isa = PBXBuildFile; fileRef = 41EDC25B298055BC00796BD2 /* Extensions.swift */; };
		41EDC262298055BC00796BD2 /* Shapes.swift in Sources */ = {isa = PBXBuildFile; fileRef = 41EDC25C298055BC00796BD2 /* Shapes.swift */; };
		41EDC269298055CB00796BD2 /* Yoga.swift in Sources */ = {isa = PBXBuildFile; fileRef = 41EDC266298055CB00796BD2 /* Yoga.swift */; };
		41EDC26F29805C1800796BD2 /* AudioStreamObserver.swift in Sources */ = {isa = PBXBuildFile; fileRef = 41EDC26E29805C1800796BD2 /* AudioStreamObserver.swift */; };
		41EDC2722980627F00796BD2 /* AudioVisualObserver.swift in Sources */ = {isa = PBXBuildFile; fileRef = 41EDC2702980627F00796BD2 /* AudioVisualObserver.swift */; };
		41EDC2732980627F00796BD2 /* AppStore.swift in Sources */ = {isa = PBXBuildFile; fileRef = 41EDC2712980627F00796BD2 /* AppStore.swift */; };
		41EDC2752980639600796BD2 /* PreviewProvider.swift in Sources */ = {isa = PBXBuildFile; fileRef = 41EDC2742980639600796BD2 /* PreviewProvider.swift */; };
		41EDC27929809F6900796BD2 /* Home.swift in Sources */ = {isa = PBXBuildFile; fileRef = 41EDC27829809F6900796BD2 /* Home.swift */; };
		41EDC27B2981635E00796BD2 /* SessionsView.swift in Sources */ = {isa = PBXBuildFile; fileRef = 41EDC27A2981635E00796BD2 /* SessionsView.swift */; };
		41EDC27D2981645600796BD2 /* Tab.swift in Sources */ = {isa = PBXBuildFile; fileRef = 41EDC27C2981645500796BD2 /* Tab.swift */; };
		41EDC27F2981648900796BD2 /* TabBar.swift in Sources */ = {isa = PBXBuildFile; fileRef = 41EDC27E2981648900796BD2 /* TabBar.swift */; };
		41EDC281298164BC00796BD2 /* DetailsView.swift in Sources */ = {isa = PBXBuildFile; fileRef = 41EDC280298164BC00796BD2 /* DetailsView.swift */; };
		41EDC285298165A900796BD2 /* AudioVisualView.swift in Sources */ = {isa = PBXBuildFile; fileRef = 41EDC282298165A900796BD2 /* AudioVisualView.swift */; };
		41EDC2892981667A00796BD2 /* TimerView.swift in Sources */ = {isa = PBXBuildFile; fileRef = 41EDC2882981667A00796BD2 /* TimerView.swift */; };
/* End PBXBuildFile section */

/* Begin PBXFileReference section */
		4118B8422981B329001F1B1A /* SessionCard.swift */ = {isa = PBXFileReference; lastKnownFileType = sourcecode.swift; path = SessionCard.swift; sourceTree = "<group>"; };
		41440333298E58AC0006D60C /* AppConfig.swift */ = {isa = PBXFileReference; lastKnownFileType = sourcecode.swift; path = AppConfig.swift; sourceTree = "<group>"; };
		414403372990DBFE0006D60C /* InteractiveChart.swift */ = {isa = PBXFileReference; lastKnownFileType = sourcecode.swift; path = InteractiveChart.swift; sourceTree = "<group>"; };
		416275CB29923FE2008D823A /* README.md */ = {isa = PBXFileReference; fileEncoding = 4; lastKnownFileType = net.daringfireball.markdown; path = README.md; sourceTree = "<group>"; };
		417606B62987F86F00DA5EE5 /* ListenButton.swift */ = {isa = PBXFileReference; lastKnownFileType = sourcecode.swift; path = ListenButton.swift; sourceTree = "<group>"; };
		417606B829890C3A00DA5EE5 /* SettingsView.swift */ = {isa = PBXFileReference; lastKnownFileType = sourcecode.swift; path = SettingsView.swift; sourceTree = "<group>"; };
		417606BA298BA44200DA5EE5 /* BreatheView.swift */ = {isa = PBXFileReference; lastKnownFileType = sourcecode.swift; path = BreatheView.swift; sourceTree = "<group>"; };
		41CB74D129841AC700BDA15D /* BreathingRateChart.swift */ = {isa = PBXFileReference; lastKnownFileType = sourcecode.swift; path = BreathingRateChart.swift; sourceTree = "<group>"; };
		41CB74D32985771700BDA15D /* TabItemView.swift */ = {isa = PBXFileReference; lastKnownFileType = sourcecode.swift; path = TabItemView.swift; sourceTree = "<group>"; };
		41CD21A0299242FF009D65DB /* screen3.png */ = {isa = PBXFileReference; lastKnownFileType = image.png; path = screen3.png; sourceTree = "<group>"; };
		41CD21A1299242FF009D65DB /* screen2.png */ = {isa = PBXFileReference; lastKnownFileType = image.png; path = screen2.png; sourceTree = "<group>"; };
		41CD21A2299242FF009D65DB /* screen1.png */ = {isa = PBXFileReference; lastKnownFileType = image.png; path = screen1.png; sourceTree = "<group>"; };
		41CD21A3299242FF009D65DB /* screen4.png */ = {isa = PBXFileReference; lastKnownFileType = image.png; path = screen4.png; sourceTree = "<group>"; };
		41CD21A929924434009D65DB /* Icon.png */ = {isa = PBXFileReference; lastKnownFileType = image.png; path = Icon.png; sourceTree = "<group>"; };
		41CD21AB29924461009D65DB /* demo.mp4 */ = {isa = PBXFileReference; lastKnownFileType = file; path = demo.mp4; sourceTree = "<group>"; };
		41EDC23B2980552E00796BD2 /* BreathCounter.app */ = {isa = PBXFileReference; explicitFileType = wrapper.application; includeInIndex = 0; path = BreathCounter.app; sourceTree = BUILT_PRODUCTS_DIR; };
		41EDC23E2980552E00796BD2 /* BreathCounterApp.swift */ = {isa = PBXFileReference; lastKnownFileType = sourcecode.swift; path = BreathCounterApp.swift; sourceTree = "<group>"; };
		41EDC2402980552E00796BD2 /* ContentView.swift */ = {isa = PBXFileReference; lastKnownFileType = sourcecode.swift; path = ContentView.swift; sourceTree = "<group>"; };
		41EDC2422980552F00796BD2 /* Assets.xcassets */ = {isa = PBXFileReference; lastKnownFileType = folder.assetcatalog; path = Assets.xcassets; sourceTree = "<group>"; };
		41EDC2452980552F00796BD2 /* Preview Assets.xcassets */ = {isa = PBXFileReference; lastKnownFileType = folder.assetcatalog; path = "Preview Assets.xcassets"; sourceTree = "<group>"; };
		41EDC24F298055AF00796BD2 /* DataServiceProtocol.swift */ = {isa = PBXFileReference; fileEncoding = 4; lastKnownFileType = sourcecode.swift; path = DataServiceProtocol.swift; sourceTree = "<group>"; };
		41EDC250298055AF00796BD2 /* MockDataService.swift */ = {isa = PBXFileReference; fileEncoding = 4; lastKnownFileType = sourcecode.swift; path = MockDataService.swift; sourceTree = "<group>"; };
		41EDC251298055AF00796BD2 /* YogaDataService.swift */ = {isa = PBXFileReference; fileEncoding = 4; lastKnownFileType = sourcecode.swift; path = YogaDataService.swift; sourceTree = "<group>"; };
		41EDC257298055BC00796BD2 /* AudioVisualizer.swift */ = {isa = PBXFileReference; fileEncoding = 4; lastKnownFileType = sourcecode.swift; path = AudioVisualizer.swift; sourceTree = "<group>"; };
		41EDC258298055BC00796BD2 /* SignalProcessing.swift */ = {isa = PBXFileReference; fileEncoding = 4; lastKnownFileType = sourcecode.swift; path = SignalProcessing.swift; sourceTree = "<group>"; };
		41EDC259298055BC00796BD2 /* Styles.swift */ = {isa = PBXFileReference; fileEncoding = 4; lastKnownFileType = sourcecode.swift; path = Styles.swift; sourceTree = "<group>"; };
		41EDC25A298055BC00796BD2 /* AudioStreamManager.swift */ = {isa = PBXFileReference; fileEncoding = 4; lastKnownFileType = sourcecode.swift; path = AudioStreamManager.swift; sourceTree = "<group>"; };
		41EDC25B298055BC00796BD2 /* Extensions.swift */ = {isa = PBXFileReference; fileEncoding = 4; lastKnownFileType = sourcecode.swift; path = Extensions.swift; sourceTree = "<group>"; };
		41EDC25C298055BC00796BD2 /* Shapes.swift */ = {isa = PBXFileReference; fileEncoding = 4; lastKnownFileType = sourcecode.swift; path = Shapes.swift; sourceTree = "<group>"; };
		41EDC266298055CB00796BD2 /* Yoga.swift */ = {isa = PBXFileReference; fileEncoding = 4; lastKnownFileType = sourcecode.swift; path = Yoga.swift; sourceTree = "<group>"; };
		41EDC26E29805C1800796BD2 /* AudioStreamObserver.swift */ = {isa = PBXFileReference; lastKnownFileType = sourcecode.swift; path = AudioStreamObserver.swift; sourceTree = "<group>"; };
		41EDC2702980627F00796BD2 /* AudioVisualObserver.swift */ = {isa = PBXFileReference; fileEncoding = 4; lastKnownFileType = sourcecode.swift; path = AudioVisualObserver.swift; sourceTree = "<group>"; };
		41EDC2712980627F00796BD2 /* AppStore.swift */ = {isa = PBXFileReference; fileEncoding = 4; lastKnownFileType = sourcecode.swift; path = AppStore.swift; sourceTree = "<group>"; };
		41EDC2742980639600796BD2 /* PreviewProvider.swift */ = {isa = PBXFileReference; fileEncoding = 4; lastKnownFileType = sourcecode.swift; path = PreviewProvider.swift; sourceTree = "<group>"; };
		41EDC27829809F6900796BD2 /* Home.swift */ = {isa = PBXFileReference; lastKnownFileType = sourcecode.swift; path = Home.swift; sourceTree = "<group>"; };
		41EDC27A2981635E00796BD2 /* SessionsView.swift */ = {isa = PBXFileReference; lastKnownFileType = sourcecode.swift; path = SessionsView.swift; sourceTree = "<group>"; };
		41EDC27C2981645500796BD2 /* Tab.swift */ = {isa = PBXFileReference; fileEncoding = 4; lastKnownFileType = sourcecode.swift; path = Tab.swift; sourceTree = "<group>"; };
		41EDC27E2981648900796BD2 /* TabBar.swift */ = {isa = PBXFileReference; fileEncoding = 4; lastKnownFileType = sourcecode.swift; path = TabBar.swift; sourceTree = "<group>"; };
		41EDC280298164BC00796BD2 /* DetailsView.swift */ = {isa = PBXFileReference; lastKnownFileType = sourcecode.swift; path = DetailsView.swift; sourceTree = "<group>"; };
		41EDC282298165A900796BD2 /* AudioVisualView.swift */ = {isa = PBXFileReference; fileEncoding = 4; lastKnownFileType = sourcecode.swift; path = AudioVisualView.swift; sourceTree = "<group>"; };
		41EDC2882981667A00796BD2 /* TimerView.swift */ = {isa = PBXFileReference; fileEncoding = 4; lastKnownFileType = sourcecode.swift; path = TimerView.swift; sourceTree = "<group>"; };
/* End PBXFileReference section */

/* Begin PBXFrameworksBuildPhase section */
		41EDC2382980552E00796BD2 /* Frameworks */ = {
			isa = PBXFrameworksBuildPhase;
			buildActionMask = 2147483647;
			files = (
			);
			runOnlyForDeploymentPostprocessing = 0;
		};
/* End PBXFrameworksBuildPhase section */

/* Begin PBXGroup section */
		4144032F298D83230006D60C /* Navigation */ = {
			isa = PBXGroup;
			children = (
				41CB74D32985771700BDA15D /* TabItemView.swift */,
				41EDC27E2981648900796BD2 /* TabBar.swift */,
			);
			path = Navigation;
			sourceTree = "<group>";
		};
		41440330298D833C0006D60C /* Components */ = {
			isa = PBXGroup;
			children = (
				417606BA298BA44200DA5EE5 /* BreatheView.swift */,
				417606B62987F86F00DA5EE5 /* ListenButton.swift */,
				41EDC2882981667A00796BD2 /* TimerView.swift */,
				4118B8422981B329001F1B1A /* SessionCard.swift */,
			);
			path = Components;
			sourceTree = "<group>";
		};
		41440331298D83450006D60C /* Main */ = {
			isa = PBXGroup;
			children = (
				41EDC2402980552E00796BD2 /* ContentView.swift */,
				41EDC27829809F6900796BD2 /* Home.swift */,
				41EDC27A2981635E00796BD2 /* SessionsView.swift */,
				417606B829890C3A00DA5EE5 /* SettingsView.swift */,
				41EDC280298164BC00796BD2 /* DetailsView.swift */,
			);
			path = Main;
			sourceTree = "<group>";
		};
		41440332298D837B0006D60C /* Charts */ = {
			isa = PBXGroup;
			children = (
				41EDC282298165A900796BD2 /* AudioVisualView.swift */,
				41CB74D129841AC700BDA15D /* BreathingRateChart.swift */,
				414403372990DBFE0006D60C /* InteractiveChart.swift */,
			);
			path = Charts;
			sourceTree = "<group>";
		};
		416275C329923FE2008D823A /* Screens */ = {
			isa = PBXGroup;
			children = (
				41CD21A2299242FF009D65DB /* screen1.png */,
				41CD21A0299242FF009D65DB /* screen3.png */,
				41CD21A1299242FF009D65DB /* screen2.png */,
				41CD21A3299242FF009D65DB /* screen4.png */,
				41CD21AB29924461009D65DB /* demo.mp4 */,
				41CD21A929924434009D65DB /* Icon.png */,
			);
			path = Screens;
			sourceTree = "<group>";
		};
		41EDC2322980552E00796BD2 = {
			isa = PBXGroup;
			children = (
				416275CB29923FE2008D823A /* README.md */,
				416275C329923FE2008D823A /* Screens */,
				41EDC23D2980552E00796BD2 /* BreathCounter */,
				41EDC23C2980552E00796BD2 /* Products */,
			);
			sourceTree = "<group>";
		};
		41EDC23C2980552E00796BD2 /* Products */ = {
			isa = PBXGroup;
			children = (
				41EDC23B2980552E00796BD2 /* BreathCounter.app */,
			);
			name = Products;
			sourceTree = "<group>";
		};
		41EDC23D2980552E00796BD2 /* BreathCounter */ = {
			isa = PBXGroup;
			children = (
				41EDC23E2980552E00796BD2 /* BreathCounterApp.swift */,
				41EDC263298055CB00796BD2 /* Models */,
				41EDC276298097F300796BD2 /* Helpers */,
				41EDC256298055BC00796BD2 /* Utils */,
				41EDC24D298055AF00796BD2 /* DataService */,
				41EDC26D29805BF800796BD2 /* Observers */,
				41EDC27729809C3200796BD2 /* Views */,
				41EDC2422980552F00796BD2 /* Assets.xcassets */,
				41EDC2442980552F00796BD2 /* Preview Content */,
			);
			path = BreathCounter;
			sourceTree = "<group>";
		};
		41EDC2442980552F00796BD2 /* Preview Content */ = {
			isa = PBXGroup;
			children = (
				41EDC2452980552F00796BD2 /* Preview Assets.xcassets */,
			);
			path = "Preview Content";
			sourceTree = "<group>";
		};
		41EDC24D298055AF00796BD2 /* DataService */ = {
			isa = PBXGroup;
			children = (
				41EDC24F298055AF00796BD2 /* DataServiceProtocol.swift */,
				41EDC250298055AF00796BD2 /* MockDataService.swift */,
				41EDC251298055AF00796BD2 /* YogaDataService.swift */,
			);
			path = DataService;
			sourceTree = "<group>";
		};
		41EDC256298055BC00796BD2 /* Utils */ = {
			isa = PBXGroup;
			children = (
				41EDC25A298055BC00796BD2 /* AudioStreamManager.swift */,
				41EDC257298055BC00796BD2 /* AudioVisualizer.swift */,
				41EDC258298055BC00796BD2 /* SignalProcessing.swift */,
			);
			path = Utils;
			sourceTree = "<group>";
		};
		41EDC263298055CB00796BD2 /* Models */ = {
			isa = PBXGroup;
			children = (
				41EDC266298055CB00796BD2 /* Yoga.swift */,
				41EDC27C2981645500796BD2 /* Tab.swift */,
			);
			path = Models;
			sourceTree = "<group>";
		};
		41EDC26D29805BF800796BD2 /* Observers */ = {
			isa = PBXGroup;
			children = (
				41EDC2712980627F00796BD2 /* AppStore.swift */,
				41440333298E58AC0006D60C /* AppConfig.swift */,
				41EDC26E29805C1800796BD2 /* AudioStreamObserver.swift */,
				41EDC2702980627F00796BD2 /* AudioVisualObserver.swift */,
			);
			path = Observers;
			sourceTree = "<group>";
		};
		41EDC276298097F300796BD2 /* Helpers */ = {
			isa = PBXGroup;
			children = (
				41EDC259298055BC00796BD2 /* Styles.swift */,
				41EDC25C298055BC00796BD2 /* Shapes.swift */,
				41EDC25B298055BC00796BD2 /* Extensions.swift */,
				41EDC2742980639600796BD2 /* PreviewProvider.swift */,
			);
			path = Helpers;
			sourceTree = "<group>";
		};
		41EDC27729809C3200796BD2 /* Views */ = {
			isa = PBXGroup;
			children = (
				41440331298D83450006D60C /* Main */,
				4144032F298D83230006D60C /* Navigation */,
				41440332298D837B0006D60C /* Charts */,
				41440330298D833C0006D60C /* Components */,
			);
			path = Views;
			sourceTree = "<group>";
		};
/* End PBXGroup section */

/* Begin PBXNativeTarget section */
		41EDC23A2980552E00796BD2 /* BreathCounter */ = {
			isa = PBXNativeTarget;
			buildConfigurationList = 41EDC2492980552F00796BD2 /* Build configuration list for PBXNativeTarget "BreathCounter" */;
			buildPhases = (
				41EDC2372980552E00796BD2 /* Sources */,
				41EDC2382980552E00796BD2 /* Frameworks */,
				41EDC2392980552E00796BD2 /* Resources */,
			);
			buildRules = (
			);
			dependencies = (
			);
			name = BreathCounter;
			productName = BreathCounter;
			productReference = 41EDC23B2980552E00796BD2 /* BreathCounter.app */;
			productType = "com.apple.product-type.application";
		};
/* End PBXNativeTarget section */

/* Begin PBXProject section */
		41EDC2332980552E00796BD2 /* Project object */ = {
			isa = PBXProject;
			attributes = {
				BuildIndependentTargetsInParallel = 1;
				LastSwiftUpdateCheck = 1420;
				LastUpgradeCheck = 1420;
				TargetAttributes = {
					41EDC23A2980552E00796BD2 = {
						CreatedOnToolsVersion = 14.2;
					};
				};
			};
			buildConfigurationList = 41EDC2362980552E00796BD2 /* Build configuration list for PBXProject "BreathCounter" */;
			compatibilityVersion = "Xcode 14.0";
			developmentRegion = en;
			hasScannedForEncodings = 0;
			knownRegions = (
				en,
				Base,
				ru,
			);
			mainGroup = 41EDC2322980552E00796BD2;
			productRefGroup = 41EDC23C2980552E00796BD2 /* Products */;
			projectDirPath = "";
			projectRoot = "";
			targets = (
				41EDC23A2980552E00796BD2 /* BreathCounter */,
			);
		};
/* End PBXProject section */

/* Begin PBXResourcesBuildPhase section */
		41EDC2392980552E00796BD2 /* Resources */ = {
			isa = PBXResourcesBuildPhase;
			buildActionMask = 2147483647;
			files = (
				41CD21AA29924434009D65DB /* Icon.png in Resources */,
				41CD21A8299242FF009D65DB /* screen4.png in Resources */,
				41EDC2462980552F00796BD2 /* Preview Assets.xcassets in Resources */,
				416275D329923FE2008D823A /* README.md in Resources */,
				41CD21A7299242FF009D65DB /* screen1.png in Resources */,
				41CD21A5299242FF009D65DB /* screen3.png in Resources */,
				41EDC2432980552F00796BD2 /* Assets.xcassets in Resources */,
				41CD21A6299242FF009D65DB /* screen2.png in Resources */,
			);
			runOnlyForDeploymentPostprocessing = 0;
		};
/* End PBXResourcesBuildPhase section */

/* Begin PBXSourcesBuildPhase section */
		41EDC2372980552E00796BD2 /* Sources */ = {
			isa = PBXSourcesBuildPhase;
			buildActionMask = 2147483647;
			files = (
				41EDC260298055BC00796BD2 /* AudioStreamManager.swift in Sources */,
				414403382990DBFE0006D60C /* InteractiveChart.swift in Sources */,
				41440334298E58AC0006D60C /* AppConfig.swift in Sources */,
				41EDC285298165A900796BD2 /* AudioVisualView.swift in Sources */,
				41EDC2732980627F00796BD2 /* AppStore.swift in Sources */,
				41CB74D42985771700BDA15D /* TabItemView.swift in Sources */,
				4118B8432981B329001F1B1A /* SessionCard.swift in Sources */,
				417606BB298BA44200DA5EE5 /* BreatheView.swift in Sources */,
				41EDC25F298055BC00796BD2 /* Styles.swift in Sources */,
				41EDC2722980627F00796BD2 /* AudioVisualObserver.swift in Sources */,
				41EDC25D298055BC00796BD2 /* AudioVisualizer.swift in Sources */,
				41EDC254298055AF00796BD2 /* MockDataService.swift in Sources */,
				41EDC27D2981645600796BD2 /* Tab.swift in Sources */,
				41EDC2892981667A00796BD2 /* TimerView.swift in Sources */,
				41EDC255298055AF00796BD2 /* YogaDataService.swift in Sources */,
				41EDC2752980639600796BD2 /* PreviewProvider.swift in Sources */,
				41EDC2412980552E00796BD2 /* ContentView.swift in Sources */,
				41EDC27929809F6900796BD2 /* Home.swift in Sources */,
				41EDC25E298055BC00796BD2 /* SignalProcessing.swift in Sources */,
				41EDC253298055AF00796BD2 /* DataServiceProtocol.swift in Sources */,
				41EDC269298055CB00796BD2 /* Yoga.swift in Sources */,
				417606B72987F86F00DA5EE5 /* ListenButton.swift in Sources */,
				41EDC23F2980552E00796BD2 /* BreathCounterApp.swift in Sources */,
				41EDC261298055BC00796BD2 /* Extensions.swift in Sources */,
				41EDC281298164BC00796BD2 /* DetailsView.swift in Sources */,
				41EDC27B2981635E00796BD2 /* SessionsView.swift in Sources */,
				41CB74D229841AC700BDA15D /* BreathingRateChart.swift in Sources */,
				41EDC27F2981648900796BD2 /* TabBar.swift in Sources */,
				41EDC26F29805C1800796BD2 /* AudioStreamObserver.swift in Sources */,
				417606B929890C3A00DA5EE5 /* SettingsView.swift in Sources */,
				41EDC262298055BC00796BD2 /* Shapes.swift in Sources */,
			);
			runOnlyForDeploymentPostprocessing = 0;
		};
/* End PBXSourcesBuildPhase section */

/* Begin XCBuildConfiguration section */
		41EDC2472980552F00796BD2 /* Debug */ = {
			isa = XCBuildConfiguration;
			buildSettings = {
				ALWAYS_SEARCH_USER_PATHS = NO;
				CLANG_ANALYZER_NONNULL = YES;
				CLANG_ANALYZER_NUMBER_OBJECT_CONVERSION = YES_AGGRESSIVE;
				CLANG_CXX_LANGUAGE_STANDARD = "gnu++20";
				CLANG_ENABLE_MODULES = YES;
				CLANG_ENABLE_OBJC_ARC = YES;
				CLANG_ENABLE_OBJC_WEAK = YES;
				CLANG_WARN_BLOCK_CAPTURE_AUTORELEASING = YES;
				CLANG_WARN_BOOL_CONVERSION = YES;
				CLANG_WARN_COMMA = YES;
				CLANG_WARN_CONSTANT_CONVERSION = YES;
				CLANG_WARN_DEPRECATED_OBJC_IMPLEMENTATIONS = YES;
				CLANG_WARN_DIRECT_OBJC_ISA_USAGE = YES_ERROR;
				CLANG_WARN_DOCUMENTATION_COMMENTS = YES;
				CLANG_WARN_EMPTY_BODY = YES;
				CLANG_WARN_ENUM_CONVERSION = YES;
				CLANG_WARN_INFINITE_RECURSION = YES;
				CLANG_WARN_INT_CONVERSION = YES;
				CLANG_WARN_NON_LITERAL_NULL_CONVERSION = YES;
				CLANG_WARN_OBJC_IMPLICIT_RETAIN_SELF = YES;
				CLANG_WARN_OBJC_LITERAL_CONVERSION = YES;
				CLANG_WARN_OBJC_ROOT_CLASS = YES_ERROR;
				CLANG_WARN_QUOTED_INCLUDE_IN_FRAMEWORK_HEADER = YES;
				CLANG_WARN_RANGE_LOOP_ANALYSIS = YES;
				CLANG_WARN_STRICT_PROTOTYPES = YES;
				CLANG_WARN_SUSPICIOUS_MOVE = YES;
				CLANG_WARN_UNGUARDED_AVAILABILITY = YES_AGGRESSIVE;
				CLANG_WARN_UNREACHABLE_CODE = YES;
				CLANG_WARN__DUPLICATE_METHOD_MATCH = YES;
				COPY_PHASE_STRIP = NO;
				DEBUG_INFORMATION_FORMAT = dwarf;
				ENABLE_STRICT_OBJC_MSGSEND = YES;
				ENABLE_TESTABILITY = YES;
				GCC_C_LANGUAGE_STANDARD = gnu11;
				GCC_DYNAMIC_NO_PIC = NO;
				GCC_NO_COMMON_BLOCKS = YES;
				GCC_OPTIMIZATION_LEVEL = 0;
				GCC_PREPROCESSOR_DEFINITIONS = (
					"DEBUG=1",
					"$(inherited)",
				);
				GCC_WARN_64_TO_32_BIT_CONVERSION = YES;
				GCC_WARN_ABOUT_RETURN_TYPE = YES_ERROR;
				GCC_WARN_UNDECLARED_SELECTOR = YES;
				GCC_WARN_UNINITIALIZED_AUTOS = YES_AGGRESSIVE;
				GCC_WARN_UNUSED_FUNCTION = YES;
				GCC_WARN_UNUSED_VARIABLE = YES;
				IPHONEOS_DEPLOYMENT_TARGET = 16.0;
				MTL_ENABLE_DEBUG_INFO = INCLUDE_SOURCE;
				MTL_FAST_MATH = YES;
				ONLY_ACTIVE_ARCH = YES;
				SDKROOT = iphoneos;
				SWIFT_ACTIVE_COMPILATION_CONDITIONS = DEBUG;
				SWIFT_OPTIMIZATION_LEVEL = "-Onone";
			};
			name = Debug;
		};
		41EDC2482980552F00796BD2 /* Release */ = {
			isa = XCBuildConfiguration;
			buildSettings = {
				ALWAYS_SEARCH_USER_PATHS = NO;
				CLANG_ANALYZER_NONNULL = YES;
				CLANG_ANALYZER_NUMBER_OBJECT_CONVERSION = YES_AGGRESSIVE;
				CLANG_CXX_LANGUAGE_STANDARD = "gnu++20";
				CLANG_ENABLE_MODULES = YES;
				CLANG_ENABLE_OBJC_ARC = YES;
				CLANG_ENABLE_OBJC_WEAK = YES;
				CLANG_WARN_BLOCK_CAPTURE_AUTORELEASING = YES;
				CLANG_WARN_BOOL_CONVERSION = YES;
				CLANG_WARN_COMMA = YES;
				CLANG_WARN_CONSTANT_CONVERSION = YES;
				CLANG_WARN_DEPRECATED_OBJC_IMPLEMENTATIONS = YES;
				CLANG_WARN_DIRECT_OBJC_ISA_USAGE = YES_ERROR;
				CLANG_WARN_DOCUMENTATION_COMMENTS = YES;
				CLANG_WARN_EMPTY_BODY = YES;
				CLANG_WARN_ENUM_CONVERSION = YES;
				CLANG_WARN_INFINITE_RECURSION = YES;
				CLANG_WARN_INT_CONVERSION = YES;
				CLANG_WARN_NON_LITERAL_NULL_CONVERSION = YES;
				CLANG_WARN_OBJC_IMPLICIT_RETAIN_SELF = YES;
				CLANG_WARN_OBJC_LITERAL_CONVERSION = YES;
				CLANG_WARN_OBJC_ROOT_CLASS = YES_ERROR;
				CLANG_WARN_QUOTED_INCLUDE_IN_FRAMEWORK_HEADER = YES;
				CLANG_WARN_RANGE_LOOP_ANALYSIS = YES;
				CLANG_WARN_STRICT_PROTOTYPES = YES;
				CLANG_WARN_SUSPICIOUS_MOVE = YES;
				CLANG_WARN_UNGUARDED_AVAILABILITY = YES_AGGRESSIVE;
				CLANG_WARN_UNREACHABLE_CODE = YES;
				CLANG_WARN__DUPLICATE_METHOD_MATCH = YES;
				COPY_PHASE_STRIP = NO;
				DEBUG_INFORMATION_FORMAT = "dwarf-with-dsym";
				ENABLE_NS_ASSERTIONS = NO;
				ENABLE_STRICT_OBJC_MSGSEND = YES;
				GCC_C_LANGUAGE_STANDARD = gnu11;
				GCC_NO_COMMON_BLOCKS = YES;
				GCC_WARN_64_TO_32_BIT_CONVERSION = YES;
				GCC_WARN_ABOUT_RETURN_TYPE = YES_ERROR;
				GCC_WARN_UNDECLARED_SELECTOR = YES;
				GCC_WARN_UNINITIALIZED_AUTOS = YES_AGGRESSIVE;
				GCC_WARN_UNUSED_FUNCTION = YES;
				GCC_WARN_UNUSED_VARIABLE = YES;
				IPHONEOS_DEPLOYMENT_TARGET = 16.0;
				MTL_ENABLE_DEBUG_INFO = NO;
				MTL_FAST_MATH = YES;
				SDKROOT = iphoneos;
				SWIFT_COMPILATION_MODE = wholemodule;
				SWIFT_OPTIMIZATION_LEVEL = "-O";
				VALIDATE_PRODUCT = YES;
			};
			name = Release;
		};
		41EDC24A2980552F00796BD2 /* Debug */ = {
			isa = XCBuildConfiguration;
			buildSettings = {
				ASSETCATALOG_COMPILER_APPICON_NAME = AppIcon;
				ASSETCATALOG_COMPILER_GLOBAL_ACCENT_COLOR_NAME = AccentColor;
				CODE_SIGN_STYLE = Automatic;
				CURRENT_PROJECT_VERSION = 1;
				DEVELOPMENT_ASSET_PATHS = "\"BreathCounter/Preview Content\"";
				DEVELOPMENT_TEAM = 6AZ8WMLP5K;
				ENABLE_PREVIEWS = YES;
				GENERATE_INFOPLIST_FILE = YES;
				INFOPLIST_KEY_LSApplicationCategoryType = "";
				INFOPLIST_KEY_NSMicrophoneUsageDescription = "need mic to listen breathings";
				INFOPLIST_KEY_UIApplicationSceneManifest_Generation = YES;
				INFOPLIST_KEY_UIApplicationSupportsIndirectInputEvents = YES;
				INFOPLIST_KEY_UILaunchScreen_Generation = YES;
				INFOPLIST_KEY_UISupportedInterfaceOrientations = UIInterfaceOrientationPortrait;
				INFOPLIST_KEY_UISupportedInterfaceOrientations_iPad = "UIInterfaceOrientationLandscapeLeft UIInterfaceOrientationLandscapeRight UIInterfaceOrientationPortrait UIInterfaceOrientationPortraitUpsideDown";
				IPHONEOS_DEPLOYMENT_TARGET = 16.0;
				LD_RUNPATH_SEARCH_PATHS = (
					"$(inherited)",
					"@executable_path/Frameworks",
				);
				MARKETING_VERSION = 1.0;
				PRODUCT_BUNDLE_IDENTIFIER = com.mutagrey.BreathCounter;
				PRODUCT_NAME = "$(TARGET_NAME)";
				SWIFT_EMIT_LOC_STRINGS = YES;
				SWIFT_VERSION = 5.0;
				TARGETED_DEVICE_FAMILY = "1,2";
			};
			name = Debug;
		};
		41EDC24B2980552F00796BD2 /* Release */ = {
			isa = XCBuildConfiguration;
			buildSettings = {
				ASSETCATALOG_COMPILER_APPICON_NAME = AppIcon;
				ASSETCATALOG_COMPILER_GLOBAL_ACCENT_COLOR_NAME = AccentColor;
				CODE_SIGN_STYLE = Automatic;
				CURRENT_PROJECT_VERSION = 1;
				DEVELOPMENT_ASSET_PATHS = "\"BreathCounter/Preview Content\"";
				DEVELOPMENT_TEAM = 6AZ8WMLP5K;
				ENABLE_PREVIEWS = YES;
				GENERATE_INFOPLIST_FILE = YES;
				INFOPLIST_KEY_LSApplicationCategoryType = "";
				INFOPLIST_KEY_NSMicrophoneUsageDescription = "need mic to listen breathings";
				INFOPLIST_KEY_UIApplicationSceneManifest_Generation = YES;
				INFOPLIST_KEY_UIApplicationSupportsIndirectInputEvents = YES;
				INFOPLIST_KEY_UILaunchScreen_Generation = YES;
				INFOPLIST_KEY_UISupportedInterfaceOrientations = UIInterfaceOrientationPortrait;
				INFOPLIST_KEY_UISupportedInterfaceOrientations_iPad = "UIInterfaceOrientationLandscapeLeft UIInterfaceOrientationLandscapeRight UIInterfaceOrientationPortrait UIInterfaceOrientationPortraitUpsideDown";
				IPHONEOS_DEPLOYMENT_TARGET = 16.0;
				LD_RUNPATH_SEARCH_PATHS = (
					"$(inherited)",
					"@executable_path/Frameworks",
				);
				MARKETING_VERSION = 1.0;
				PRODUCT_BUNDLE_IDENTIFIER = com.mutagrey.BreathCounter;
				PRODUCT_NAME = "$(TARGET_NAME)";
				SWIFT_EMIT_LOC_STRINGS = YES;
				SWIFT_VERSION = 5.0;
				TARGETED_DEVICE_FAMILY = "1,2";
			};
			name = Release;
		};
/* End XCBuildConfiguration section */

/* Begin XCConfigurationList section */
		41EDC2362980552E00796BD2 /* Build configuration list for PBXProject "BreathCounter" */ = {
			isa = XCConfigurationList;
			buildConfigurations = (
				41EDC2472980552F00796BD2 /* Debug */,
				41EDC2482980552F00796BD2 /* Release */,
			);
			defaultConfigurationIsVisible = 0;
			defaultConfigurationName = Release;
		};
		41EDC2492980552F00796BD2 /* Build configuration list for PBXNativeTarget "BreathCounter" */ = {
			isa = XCConfigurationList;
			buildConfigurations = (
				41EDC24A2980552F00796BD2 /* Debug */,
				41EDC24B2980552F00796BD2 /* Release */,
			);
			defaultConfigurationIsVisible = 0;
			defaultConfigurationName = Release;
		};
/* End XCConfigurationList section */
	};
	rootObject = 41EDC2332980552E00796BD2 /* Project object */;
}
